
Microsoft Visual Studio Solution File, Format Version 12.00
# Visual Studio 15
VisualStudioVersion = 15.0.28010.2036
MinimumVisualStudioVersion = 10.0.40219.1
Project("{FAE04EC0-301F-11D3-BF4B-00C04F79EFBC}") = "GrandCircusLab11", "GrandCircusLab11\GrandCircusLab11.csproj", "{74CE49B5-F50E-40F7-99A1-6B08A106B84D}"
EndProject
Global
	GlobalSection(SolutionConfigurationPlatforms) = preSolution
		Debug|Any CPU = Debug|Any CPU
		Release|Any CPU = Release|Any CPU
	EndGlobalSection
	GlobalSection(ProjectConfigurationPlatforms) = postSolution
		{74CE49B5-F50E-40F7-99A1-6B08A106B84D}.Debug|Any CPU.ActiveCfg = Debug|Any CPU
		{74CE49B5-F50E-40F7-99A1-6B08A106B84D}.Debug|Any CPU.Build.0 = Debug|Any CPU
		{74CE49B5-F50E-40F7-99A1-6B08A106B84D}.Release|Any CPU.ActiveCfg = Release|Any CPU
		{74CE49B5-F50E-40F7-99A1-6B08A106B84D}.Release|Any CPU.Build.0 = Release|Any CPU
	EndGlobalSection
	GlobalSection(SolutionProperties) = preSolution
		HideSolutionNode = FALSE
	EndGlobalSection
	GlobalSection(ExtensibilityGlobals) = postSolution
		SolutionGuid = {AC35D755-82DF-410B-8DE9-AA374526BB63}
	EndGlobalSection
EndGlobal
